
Microsoft Visual Studio Solution File, Format Version 12.00
# Visual Studio Version 16
VisualStudioVersion = 16.0.29519.87
MinimumVisualStudioVersion = 10.0.40219.1
Project("{FAE04EC0-301F-11D3-BF4B-00C04F79EFBC}") = "Proyecto", "Proyecto.csproj", "{F7FCBC63-7D4D-4D40-9719-6B3316BCE8B7}"
EndProject
Global
	GlobalSection(SolutionConfigurationPlatforms) = preSolution
		Debug|Any CPU = Debug|Any CPU
		Release|Any CPU = Release|Any CPU
	EndGlobalSection
	GlobalSection(ProjectConfigurationPlatforms) = postSolution
		{F7FCBC63-7D4D-4D40-9719-6B3316BCE8B7}.Debug|Any CPU.ActiveCfg = Debug|Any CPU
		{F7FCBC63-7D4D-4D40-9719-6B3316BCE8B7}.Debug|Any CPU.Build.0 = Debug|Any CPU
		{F7FCBC63-7D4D-4D40-9719-6B3316BCE8B7}.Release|Any CPU.ActiveCfg = Release|Any CPU
		{F7FCBC63-7D4D-4D40-9719-6B3316BCE8B7}.Release|Any CPU.Build.0 = Release|Any CPU
	EndGlobalSection
	GlobalSection(SolutionProperties) = preSolution
		HideSolutionNode = FALSE
	EndGlobalSection
	GlobalSection(ExtensibilityGlobals) = postSolution
		SolutionGuid = {072AB917-3B7F-4E0F-A4CD-4BE3C57A2EB9}
	EndGlobalSection
EndGlobal
